
Microsoft Visual Studio Solution File, Format Version 12.00
# Visual Studio 15
VisualStudioVersion = 15.0.28307.1231
MinimumVisualStudioVersion = 10.0.40219.1
Project("{FAE04EC0-301F-11D3-BF4B-00C04F79EFBC}") = "primeno_bw_2to100", "primeno_bw_2to100\primeno_bw_2to100.csproj", "{D86F71E2-EC7B-45AD-8B3A-282C88FAF6CC}"
EndProject
Global
	GlobalSection(SolutionConfigurationPlatforms) = preSolution
		Debug|Any CPU = Debug|Any CPU
		Release|Any CPU = Release|Any CPU
	EndGlobalSection
	GlobalSection(ProjectConfigurationPlatforms) = postSolution
		{D86F71E2-EC7B-45AD-8B3A-282C88FAF6CC}.Debug|Any CPU.ActiveCfg = Debug|Any CPU
		{D86F71E2-EC7B-45AD-8B3A-282C88FAF6CC}.Debug|Any CPU.Build.0 = Debug|Any CPU
		{D86F71E2-EC7B-45AD-8B3A-282C88FAF6CC}.Release|Any CPU.ActiveCfg = Release|Any CPU
		{D86F71E2-EC7B-45AD-8B3A-282C88FAF6CC}.Release|Any CPU.Build.0 = Release|Any CPU
	EndGlobalSection
	GlobalSection(SolutionProperties) = preSolution
		HideSolutionNode = FALSE
	EndGlobalSection
	GlobalSection(ExtensibilityGlobals) = postSolution
		SolutionGuid = {55264AF7-AF84-47D3-B640-026C35010C12}
	EndGlobalSection
EndGlobal
