
Microsoft Visual Studio Solution File, Format Version 12.00
# Visual Studio 15
VisualStudioVersion = 15.0.28307.1231
MinimumVisualStudioVersion = 10.0.40219.1
Project("{FAE04EC0-301F-11D3-BF4B-00C04F79EFBC}") = "stringpalindrome", "stringpalindrome\stringpalindrome.csproj", "{10C69B45-3C7B-49C7-B22A-2864F544EE00}"
EndProject
Global
	GlobalSection(SolutionConfigurationPlatforms) = preSolution
		Debug|Any CPU = Debug|Any CPU
		Release|Any CPU = Release|Any CPU
	EndGlobalSection
	GlobalSection(ProjectConfigurationPlatforms) = postSolution
		{10C69B45-3C7B-49C7-B22A-2864F544EE00}.Debug|Any CPU.ActiveCfg = Debug|Any CPU
		{10C69B45-3C7B-49C7-B22A-2864F544EE00}.Debug|Any CPU.Build.0 = Debug|Any CPU
		{10C69B45-3C7B-49C7-B22A-2864F544EE00}.Release|Any CPU.ActiveCfg = Release|Any CPU
		{10C69B45-3C7B-49C7-B22A-2864F544EE00}.Release|Any CPU.Build.0 = Release|Any CPU
	EndGlobalSection
	GlobalSection(SolutionProperties) = preSolution
		HideSolutionNode = FALSE
	EndGlobalSection
	GlobalSection(ExtensibilityGlobals) = postSolution
		SolutionGuid = {3CD3F2D7-0905-4866-9623-026940148917}
	EndGlobalSection
EndGlobal
